// !$*UTF8*$!
{
	archiveVersion = 1;
	classes = {
	};
	objectVersion = 46;
	objects = {

/* Begin PBXBuildFile section */
		1F29D0571F5AAE01009D06E8 /* NewsStore.swift in Sources */ = {isa = PBXBuildFile; fileRef = 1F29D0561F5AAE01009D06E8 /* NewsStore.swift */; };
		1F29D05A1F5AAFCA009D06E8 /* NewsModel.swift in Sources */ = {isa = PBXBuildFile; fileRef = 1F29D0591F5AAFCA009D06E8 /* NewsModel.swift */; };
		1F6636271F5A85630086501C /* GetNewsTitlesRequest.swift in Sources */ = {isa = PBXBuildFile; fileRef = 1F6636261F5A85630086501C /* GetNewsTitlesRequest.swift */; };
		1F6636291F5A858A0086501C /* GetDetails.swift in Sources */ = {isa = PBXBuildFile; fileRef = 1F6636281F5A858A0086501C /* GetDetails.swift */; };
		1F66362B1F5A8FF10086501C /* StringExtension.swift in Sources */ = {isa = PBXBuildFile; fileRef = 1F66362A1F5A8FF10086501C /* StringExtension.swift */; };
		1F66362D1F5AA7270086501C /* CoreDataManager.swift in Sources */ = {isa = PBXBuildFile; fileRef = 1F66362C1F5AA7270086501C /* CoreDataManager.swift */; };
		1F863BF51F56E00F004EFF9F /* OneNewsViewController.swift in Sources */ = {isa = PBXBuildFile; fileRef = 1F863BF41F56E00F004EFF9F /* OneNewsViewController.swift */; };
		1F863BF91F56E2AA004EFF9F /* Provider.swift in Sources */ = {isa = PBXBuildFile; fileRef = 1F863BF81F56E2AA004EFF9F /* Provider.swift */; };
		1F91BCE51F52ED3300C645ED /* AppDelegate.swift in Sources */ = {isa = PBXBuildFile; fileRef = 1F91BCE41F52ED3300C645ED /* AppDelegate.swift */; };
		1F91BCEA1F52ED3300C645ED /* Main.storyboard in Resources */ = {isa = PBXBuildFile; fileRef = 1F91BCE81F52ED3300C645ED /* Main.storyboard */; };
		1F91BCED1F52ED3300C645ED /* TinkoffNews.xcdatamodeld in Sources */ = {isa = PBXBuildFile; fileRef = 1F91BCEB1F52ED3300C645ED /* TinkoffNews.xcdatamodeld */; };
		1F91BCEF1F52ED3300C645ED /* Assets.xcassets in Resources */ = {isa = PBXBuildFile; fileRef = 1F91BCEE1F52ED3300C645ED /* Assets.xcassets */; };
		1F91BCF21F52ED3300C645ED /* LaunchScreen.storyboard in Resources */ = {isa = PBXBuildFile; fileRef = 1F91BCF01F52ED3300C645ED /* LaunchScreen.storyboard */; };
		1F91BCFD1F5301C000C645ED /* NewsListTableViewController.swift in Sources */ = {isa = PBXBuildFile; fileRef = 1F91BCFC1F5301C000C645ED /* NewsListTableViewController.swift */; };
		1FB560CF1F5D1785006DCE8A /* NewsStoreProtocol.swift in Sources */ = {isa = PBXBuildFile; fileRef = 1FB560CE1F5D1785006DCE8A /* NewsStoreProtocol.swift */; };
		1FB560D11F5D17A8006DCE8A /* Request.swift in Sources */ = {isa = PBXBuildFile; fileRef = 1FB560D01F5D17A8006DCE8A /* Request.swift */; };
		1FB560D41F5D17E1006DCE8A /* NewsService.swift in Sources */ = {isa = PBXBuildFile; fileRef = 1FB560D21F5D17E1006DCE8A /* NewsService.swift */; };
		1FB560D51F5D17E1006DCE8A /* NewsServiceProtocol.swift in Sources */ = {isa = PBXBuildFile; fileRef = 1FB560D31F5D17E1006DCE8A /* NewsServiceProtocol.swift */; };
		1FB560D91F5D1827006DCE8A /* NewsListPresenter.swift in Sources */ = {isa = PBXBuildFile; fileRef = 1FB560D61F5D1827006DCE8A /* NewsListPresenter.swift */; };
		1FB560DA1F5D1827006DCE8A /* NewsListView.swift in Sources */ = {isa = PBXBuildFile; fileRef = 1FB560D71F5D1827006DCE8A /* NewsListView.swift */; };
		1FB560DB1F5D1827006DCE8A /* NewsTitleTableViewCell.swift in Sources */ = {isa = PBXBuildFile; fileRef = 1FB560D81F5D1827006DCE8A /* NewsTitleTableViewCell.swift */; };
		1FB560DE1F5D1863006DCE8A /* OneNewsPresenter.swift in Sources */ = {isa = PBXBuildFile; fileRef = 1FB560DC1F5D1863006DCE8A /* OneNewsPresenter.swift */; };
		1FB560DF1F5D1863006DCE8A /* OneNewsView.swift in Sources */ = {isa = PBXBuildFile; fileRef = 1FB560DD1F5D1863006DCE8A /* OneNewsView.swift */; };
/* End PBXBuildFile section */

/* Begin PBXFileReference section */
		1F29D0561F5AAE01009D06E8 /* NewsStore.swift */ = {isa = PBXFileReference; fileEncoding = 4; lastKnownFileType = sourcecode.swift; name = NewsStore.swift; path = NewsStore/NewsStore.swift; sourceTree = "<group>"; };
		1F29D0591F5AAFCA009D06E8 /* NewsModel.swift */ = {isa = PBXFileReference; fileEncoding = 4; lastKnownFileType = sourcecode.swift; name = NewsModel.swift; path = Models/NewsModel.swift; sourceTree = "<group>"; };
		1F6636261F5A85630086501C /* GetNewsTitlesRequest.swift */ = {isa = PBXFileReference; fileEncoding = 4; lastKnownFileType = sourcecode.swift; name = GetNewsTitlesRequest.swift; path = BackendService/Requests/GetNewsTitlesRequest.swift; sourceTree = "<group>"; };
		1F6636281F5A858A0086501C /* GetDetails.swift */ = {isa = PBXFileReference; fileEncoding = 4; lastKnownFileType = sourcecode.swift; name = GetDetails.swift; path = BackendService/Requests/GetDetails.swift; sourceTree = "<group>"; };
		1F66362A1F5A8FF10086501C /* StringExtension.swift */ = {isa = PBXFileReference; fileEncoding = 4; lastKnownFileType = sourcecode.swift; path = StringExtension.swift; sourceTree = "<group>"; };
		1F66362C1F5AA7270086501C /* CoreDataManager.swift */ = {isa = PBXFileReference; fileEncoding = 4; lastKnownFileType = sourcecode.swift; path = CoreDataManager.swift; sourceTree = "<group>"; };
		1F863BF41F56E00F004EFF9F /* OneNewsViewController.swift */ = {isa = PBXFileReference; fileEncoding = 4; lastKnownFileType = sourcecode.swift; name = OneNewsViewController.swift; path = OneNewsScreen/OneNewsViewController.swift; sourceTree = "<group>"; };
		1F863BF81F56E2AA004EFF9F /* Provider.swift */ = {isa = PBXFileReference; fileEncoding = 4; lastKnownFileType = sourcecode.swift; path = Provider.swift; sourceTree = "<group>"; };
		1F91BCE11F52ED3300C645ED /* TinkoffNews.app */ = {isa = PBXFileReference; explicitFileType = wrapper.application; includeInIndex = 0; path = TinkoffNews.app; sourceTree = BUILT_PRODUCTS_DIR; };
		1F91BCE41F52ED3300C645ED /* AppDelegate.swift */ = {isa = PBXFileReference; lastKnownFileType = sourcecode.swift; path = AppDelegate.swift; sourceTree = "<group>"; };
		1F91BCE91F52ED3300C645ED /* Base */ = {isa = PBXFileReference; lastKnownFileType = file.storyboard; name = Base; path = Base.lproj/Main.storyboard; sourceTree = "<group>"; };
		1F91BCEC1F52ED3300C645ED /* TinkoffNews.xcdatamodel */ = {isa = PBXFileReference; lastKnownFileType = wrapper.xcdatamodel; path = TinkoffNews.xcdatamodel; sourceTree = "<group>"; };
		1F91BCEE1F52ED3300C645ED /* Assets.xcassets */ = {isa = PBXFileReference; lastKnownFileType = folder.assetcatalog; path = Assets.xcassets; sourceTree = "<group>"; };
		1F91BCF11F52ED3300C645ED /* Base */ = {isa = PBXFileReference; lastKnownFileType = file.storyboard; name = Base; path = Base.lproj/LaunchScreen.storyboard; sourceTree = "<group>"; };
		1F91BCF31F52ED3300C645ED /* Info.plist */ = {isa = PBXFileReference; lastKnownFileType = text.plist.xml; path = Info.plist; sourceTree = "<group>"; };
		1F91BCFC1F5301C000C645ED /* NewsListTableViewController.swift */ = {isa = PBXFileReference; fileEncoding = 4; lastKnownFileType = sourcecode.swift; name = NewsListTableViewController.swift; path = NewsList/NewsListTableViewController.swift; sourceTree = "<group>"; };
		1FB560CE1F5D1785006DCE8A /* NewsStoreProtocol.swift */ = {isa = PBXFileReference; fileEncoding = 4; lastKnownFileType = sourcecode.swift; name = NewsStoreProtocol.swift; path = NewsStore/NewsStoreProtocol.swift; sourceTree = "<group>"; };
		1FB560D01F5D17A8006DCE8A /* Request.swift */ = {isa = PBXFileReference; fileEncoding = 4; lastKnownFileType = sourcecode.swift; name = Request.swift; path = BackendService/Requests/Request.swift; sourceTree = "<group>"; };
		1FB560D21F5D17E1006DCE8A /* NewsService.swift */ = {isa = PBXFileReference; fileEncoding = 4; lastKnownFileType = sourcecode.swift; name = NewsService.swift; path = BackendService/NewsService.swift; sourceTree = "<group>"; };
		1FB560D31F5D17E1006DCE8A /* NewsServiceProtocol.swift */ = {isa = PBXFileReference; fileEncoding = 4; lastKnownFileType = sourcecode.swift; name = NewsServiceProtocol.swift; path = BackendService/NewsServiceProtocol.swift; sourceTree = "<group>"; };
		1FB560D61F5D1827006DCE8A /* NewsListPresenter.swift */ = {isa = PBXFileReference; fileEncoding = 4; lastKnownFileType = sourcecode.swift; name = NewsListPresenter.swift; path = NewsList/Classes/NewsListPresenter.swift; sourceTree = "<group>"; };
		1FB560D71F5D1827006DCE8A /* NewsListView.swift */ = {isa = PBXFileReference; fileEncoding = 4; lastKnownFileType = sourcecode.swift; name = NewsListView.swift; path = NewsList/Classes/NewsListView.swift; sourceTree = "<group>"; };
		1FB560D81F5D1827006DCE8A /* NewsTitleTableViewCell.swift */ = {isa = PBXFileReference; fileEncoding = 4; lastKnownFileType = sourcecode.swift; name = NewsTitleTableViewCell.swift; path = NewsList/Classes/NewsTitleTableViewCell.swift; sourceTree = "<group>"; };
		1FB560DC1F5D1863006DCE8A /* OneNewsPresenter.swift */ = {isa = PBXFileReference; fileEncoding = 4; lastKnownFileType = sourcecode.swift; name = OneNewsPresenter.swift; path = OneNewsScreen/Classes/OneNewsPresenter.swift; sourceTree = "<group>"; };
		1FB560DD1F5D1863006DCE8A /* OneNewsView.swift */ = {isa = PBXFileReference; fileEncoding = 4; lastKnownFileType = sourcecode.swift; name = OneNewsView.swift; path = OneNewsScreen/Classes/OneNewsView.swift; sourceTree = "<group>"; };
/* End PBXFileReference section */

/* Begin PBXFrameworksBuildPhase section */
		1F91BCDE1F52ED3300C645ED /* Frameworks */ = {
			isa = PBXFrameworksBuildPhase;
			buildActionMask = 2147483647;
			files = (
			);
			runOnlyForDeploymentPostprocessing = 0;
		};
/* End PBXFrameworksBuildPhase section */

/* Begin PBXGroup section */
		1F29D0581F5AAFA7009D06E8 /* Models */ = {
			isa = PBXGroup;
			children = (
				1F29D0591F5AAFCA009D06E8 /* NewsModel.swift */,
			);
			name = Models;
			sourceTree = "<group>";
		};
		1F62A2791F557A350041C87A /* BackendService */ = {
			isa = PBXGroup;
			children = (
				1FB560D21F5D17E1006DCE8A /* NewsService.swift */,
				1FB560D31F5D17E1006DCE8A /* NewsServiceProtocol.swift */,
				1F6636251F5A853E0086501C /* Requests */,
			);
			name = BackendService;
			sourceTree = "<group>";
		};
		1F6636251F5A853E0086501C /* Requests */ = {
			isa = PBXGroup;
			children = (
				1FB560D01F5D17A8006DCE8A /* Request.swift */,
				1F6636261F5A85630086501C /* GetNewsTitlesRequest.swift */,
				1F6636281F5A858A0086501C /* GetDetails.swift */,
			);
			name = Requests;
			sourceTree = "<group>";
		};
		1F66362E1F5AABEB0086501C /* NewsStore */ = {
			isa = PBXGroup;
			children = (
				1FB560CE1F5D1785006DCE8A /* NewsStoreProtocol.swift */,
				1F29D0561F5AAE01009D06E8 /* NewsStore.swift */,
			);
			name = NewsStore;
			sourceTree = "<group>";
		};
		1F863BF11F56DF4D004EFF9F /* OneNewsScreenController */ = {
			isa = PBXGroup;
			children = (
				1FB560CD1F5D0E64006DCE8A /* Classes */,
				1F863BF41F56E00F004EFF9F /* OneNewsViewController.swift */,
			);
			name = OneNewsScreenController;
			sourceTree = "<group>";
		};
		1F91BCD81F52ED3300C645ED = {
			isa = PBXGroup;
			children = (
				1F91BCE31F52ED3300C645ED /* TinkoffNews */,
				1F91BCE21F52ED3300C645ED /* Products */,
			);
			sourceTree = "<group>";
		};
		1F91BCE21F52ED3300C645ED /* Products */ = {
			isa = PBXGroup;
			children = (
				1F91BCE11F52ED3300C645ED /* TinkoffNews.app */,
			);
			name = Products;
			sourceTree = "<group>";
		};
		1F91BCE31F52ED3300C645ED /* TinkoffNews */ = {
			isa = PBXGroup;
			children = (
				1F863BF81F56E2AA004EFF9F /* Provider.swift */,
				1F66362A1F5A8FF10086501C /* StringExtension.swift */,
				1F66362C1F5AA7270086501C /* CoreDataManager.swift */,
				1F29D0581F5AAFA7009D06E8 /* Models */,
				1F66362E1F5AABEB0086501C /* NewsStore */,
				1F62A2791F557A350041C87A /* BackendService */,
				1F91BCF91F53014600C645ED /* NewsListController */,
				1F863BF11F56DF4D004EFF9F /* OneNewsScreenController */,
				1F91BCE41F52ED3300C645ED /* AppDelegate.swift */,
				1F91BCE81F52ED3300C645ED /* Main.storyboard */,
				1F91BCEE1F52ED3300C645ED /* Assets.xcassets */,
				1F91BCF01F52ED3300C645ED /* LaunchScreen.storyboard */,
				1F91BCF31F52ED3300C645ED /* Info.plist */,
				1F91BCEB1F52ED3300C645ED /* TinkoffNews.xcdatamodeld */,
			);
			path = TinkoffNews;
			sourceTree = "<group>";
		};
		1F91BCF91F53014600C645ED /* NewsListController */ = {
			isa = PBXGroup;
			children = (
				1F91BCFE1F5301D700C645ED /* Classes */,
				1F91BCFC1F5301C000C645ED /* NewsListTableViewController.swift */,
			);
			name = NewsListController;
			sourceTree = "<group>";
		};
		1F91BCFE1F5301D700C645ED /* Classes */ = {
			isa = PBXGroup;
			children = (
				1FB560D61F5D1827006DCE8A /* NewsListPresenter.swift */,
				1FB560D71F5D1827006DCE8A /* NewsListView.swift */,
				1FB560D81F5D1827006DCE8A /* NewsTitleTableViewCell.swift */,
			);
			name = Classes;
			sourceTree = "<group>";
		};
		1FB560CD1F5D0E64006DCE8A /* Classes */ = {
			isa = PBXGroup;
			children = (
				1FB560DC1F5D1863006DCE8A /* OneNewsPresenter.swift */,
				1FB560DD1F5D1863006DCE8A /* OneNewsView.swift */,
			);
			name = Classes;
			sourceTree = "<group>";
		};
/* End PBXGroup section */

/* Begin PBXNativeTarget section */
		1F91BCE01F52ED3300C645ED /* TinkoffNews */ = {
			isa = PBXNativeTarget;
			buildConfigurationList = 1F91BCF61F52ED3300C645ED /* Build configuration list for PBXNativeTarget "TinkoffNews" */;
			buildPhases = (
				1F91BCDD1F52ED3300C645ED /* Sources */,
				1F91BCDE1F52ED3300C645ED /* Frameworks */,
				1F91BCDF1F52ED3300C645ED /* Resources */,
			);
			buildRules = (
			);
			dependencies = (
			);
			name = TinkoffNews;
			productName = TinkoffNews;
			productReference = 1F91BCE11F52ED3300C645ED /* TinkoffNews.app */;
			productType = "com.apple.product-type.application";
		};
/* End PBXNativeTarget section */

/* Begin PBXProject section */
		1F91BCD91F52ED3300C645ED /* Project object */ = {
			isa = PBXProject;
			attributes = {
				LastSwiftUpdateCheck = 0830;
				LastUpgradeCheck = 0830;
				ORGANIZATIONNAME = Khlebnikov;
				TargetAttributes = {
					1F91BCE01F52ED3300C645ED = {
						CreatedOnToolsVersion = 8.3.3;
						ProvisioningStyle = Automatic;
					};
				};
			};
			buildConfigurationList = 1F91BCDC1F52ED3300C645ED /* Build configuration list for PBXProject "TinkoffNews" */;
			compatibilityVersion = "Xcode 3.2";
			developmentRegion = English;
			hasScannedForEncodings = 0;
			knownRegions = (
				en,
				Base,
			);
			mainGroup = 1F91BCD81F52ED3300C645ED;
			productRefGroup = 1F91BCE21F52ED3300C645ED /* Products */;
			projectDirPath = "";
			projectRoot = "";
			targets = (
				1F91BCE01F52ED3300C645ED /* TinkoffNews */,
			);
		};
/* End PBXProject section */

/* Begin PBXResourcesBuildPhase section */
		1F91BCDF1F52ED3300C645ED /* Resources */ = {
			isa = PBXResourcesBuildPhase;
			buildActionMask = 2147483647;
			files = (
				1F91BCF21F52ED3300C645ED /* LaunchScreen.storyboard in Resources */,
				1F91BCEF1F52ED3300C645ED /* Assets.xcassets in Resources */,
				1F91BCEA1F52ED3300C645ED /* Main.storyboard in Resources */,
			);
			runOnlyForDeploymentPostprocessing = 0;
		};
/* End PBXResourcesBuildPhase section */

/* Begin PBXSourcesBuildPhase section */
		1F91BCDD1F52ED3300C645ED /* Sources */ = {
			isa = PBXSourcesBuildPhase;
			buildActionMask = 2147483647;
			files = (
				1FB560D51F5D17E1006DCE8A /* NewsServiceProtocol.swift in Sources */,
				1F863BF51F56E00F004EFF9F /* OneNewsViewController.swift in Sources */,
				1FB560CF1F5D1785006DCE8A /* NewsStoreProtocol.swift in Sources */,
				1F91BCED1F52ED3300C645ED /* TinkoffNews.xcdatamodeld in Sources */,
				1FB560D11F5D17A8006DCE8A /* Request.swift in Sources */,
				1FB560D41F5D17E1006DCE8A /* NewsService.swift in Sources */,
				1F66362D1F5AA7270086501C /* CoreDataManager.swift in Sources */,
				1F66362B1F5A8FF10086501C /* StringExtension.swift in Sources */,
				1F863BF91F56E2AA004EFF9F /* Provider.swift in Sources */,
				1F91BCFD1F5301C000C645ED /* NewsListTableViewController.swift in Sources */,
				1FB560DF1F5D1863006DCE8A /* OneNewsView.swift in Sources */,
				1F6636291F5A858A0086501C /* GetDetails.swift in Sources */,
				1F29D0571F5AAE01009D06E8 /* NewsStore.swift in Sources */,
				1FB560DB1F5D1827006DCE8A /* NewsTitleTableViewCell.swift in Sources */,
				1F6636271F5A85630086501C /* GetNewsTitlesRequest.swift in Sources */,
				1F91BCE51F52ED3300C645ED /* AppDelegate.swift in Sources */,
				1F29D05A1F5AAFCA009D06E8 /* NewsModel.swift in Sources */,
				1FB560DA1F5D1827006DCE8A /* NewsListView.swift in Sources */,
				1FB560DE1F5D1863006DCE8A /* OneNewsPresenter.swift in Sources */,
				1FB560D91F5D1827006DCE8A /* NewsListPresenter.swift in Sources */,
			);
			runOnlyForDeploymentPostprocessing = 0;
		};
/* End PBXSourcesBuildPhase section */

/* Begin PBXVariantGroup section */
		1F91BCE81F52ED3300C645ED /* Main.storyboard */ = {
			isa = PBXVariantGroup;
			children = (
				1F91BCE91F52ED3300C645ED /* Base */,
			);
			name = Main.storyboard;
			sourceTree = "<group>";
		};
		1F91BCF01F52ED3300C645ED /* LaunchScreen.storyboard */ = {
			isa = PBXVariantGroup;
			children = (
				1F91BCF11F52ED3300C645ED /* Base */,
			);
			name = LaunchScreen.storyboard;
			sourceTree = "<group>";
		};
/* End PBXVariantGroup section */

/* Begin XCBuildConfiguration section */
		1F91BCF41F52ED3300C645ED /* Debug */ = {
			isa = XCBuildConfiguration;
			buildSettings = {
				ALWAYS_SEARCH_USER_PATHS = NO;
				CLANG_ANALYZER_NONNULL = YES;
				CLANG_ANALYZER_NUMBER_OBJECT_CONVERSION = YES_AGGRESSIVE;
				CLANG_CXX_LANGUAGE_STANDARD = "gnu++0x";
				CLANG_CXX_LIBRARY = "libc++";
				CLANG_ENABLE_MODULES = YES;
				CLANG_ENABLE_OBJC_ARC = YES;
				CLANG_WARN_BOOL_CONVERSION = YES;
				CLANG_WARN_CONSTANT_CONVERSION = YES;
				CLANG_WARN_DIRECT_OBJC_ISA_USAGE = YES_ERROR;
				CLANG_WARN_DOCUMENTATION_COMMENTS = YES;
				CLANG_WARN_EMPTY_BODY = YES;
				CLANG_WARN_ENUM_CONVERSION = YES;
				CLANG_WARN_INFINITE_RECURSION = YES;
				CLANG_WARN_INT_CONVERSION = YES;
				CLANG_WARN_OBJC_ROOT_CLASS = YES_ERROR;
				CLANG_WARN_SUSPICIOUS_MOVE = YES;
				CLANG_WARN_UNREACHABLE_CODE = YES;
				CLANG_WARN__DUPLICATE_METHOD_MATCH = YES;
				"CODE_SIGN_IDENTITY[sdk=iphoneos*]" = "iPhone Developer";
				COPY_PHASE_STRIP = NO;
				DEBUG_INFORMATION_FORMAT = dwarf;
				ENABLE_STRICT_OBJC_MSGSEND = YES;
				ENABLE_TESTABILITY = YES;
				GCC_C_LANGUAGE_STANDARD = gnu99;
				GCC_DYNAMIC_NO_PIC = NO;
				GCC_NO_COMMON_BLOCKS = YES;
				GCC_OPTIMIZATION_LEVEL = 0;
				GCC_PREPROCESSOR_DEFINITIONS = (
					"DEBUG=1",
					"$(inherited)",
				);
				GCC_WARN_64_TO_32_BIT_CONVERSION = YES;
				GCC_WARN_ABOUT_RETURN_TYPE = YES_ERROR;
				GCC_WARN_UNDECLARED_SELECTOR = YES;
				GCC_WARN_UNINITIALIZED_AUTOS = YES_AGGRESSIVE;
				GCC_WARN_UNUSED_FUNCTION = YES;
				GCC_WARN_UNUSED_VARIABLE = YES;
				IPHONEOS_DEPLOYMENT_TARGET = 10.3;
				MTL_ENABLE_DEBUG_INFO = YES;
				ONLY_ACTIVE_ARCH = YES;
				SDKROOT = iphoneos;
				SWIFT_ACTIVE_COMPILATION_CONDITIONS = DEBUG;
				SWIFT_OPTIMIZATION_LEVEL = "-Onone";
			};
			name = Debug;
		};
		1F91BCF51F52ED3300C645ED /* Release */ = {
			isa = XCBuildConfiguration;
			buildSettings = {
				ALWAYS_SEARCH_USER_PATHS = NO;
				CLANG_ANALYZER_NONNULL = YES;
				CLANG_ANALYZER_NUMBER_OBJECT_CONVERSION = YES_AGGRESSIVE;
				CLANG_CXX_LANGUAGE_STANDARD = "gnu++0x";
				CLANG_CXX_LIBRARY = "libc++";
				CLANG_ENABLE_MODULES = YES;
				CLANG_ENABLE_OBJC_ARC = YES;
				CLANG_WARN_BOOL_CONVERSION = YES;
				CLANG_WARN_CONSTANT_CONVERSION = YES;
				CLANG_WARN_DIRECT_OBJC_ISA_USAGE = YES_ERROR;
				CLANG_WARN_DOCUMENTATION_COMMENTS = YES;
				CLANG_WARN_EMPTY_BODY = YES;
				CLANG_WARN_ENUM_CONVERSION = YES;
				CLANG_WARN_INFINITE_RECURSION = YES;
				CLANG_WARN_INT_CONVERSION = YES;
				CLANG_WARN_OBJC_ROOT_CLASS = YES_ERROR;
				CLANG_WARN_SUSPICIOUS_MOVE = YES;
				CLANG_WARN_UNREACHABLE_CODE = YES;
				CLANG_WARN__DUPLICATE_METHOD_MATCH = YES;
				"CODE_SIGN_IDENTITY[sdk=iphoneos*]" = "iPhone Developer";
				COPY_PHASE_STRIP = NO;
				DEBUG_INFORMATION_FORMAT = "dwarf-with-dsym";
				ENABLE_NS_ASSERTIONS = NO;
				ENABLE_STRICT_OBJC_MSGSEND = YES;
				GCC_C_LANGUAGE_STANDARD = gnu99;
				GCC_NO_COMMON_BLOCKS = YES;
				GCC_WARN_64_TO_32_BIT_CONVERSION = YES;
				GCC_WARN_ABOUT_RETURN_TYPE = YES_ERROR;
				GCC_WARN_UNDECLARED_SELECTOR = YES;
				GCC_WARN_UNINITIALIZED_AUTOS = YES_AGGRESSIVE;
				GCC_WARN_UNUSED_FUNCTION = YES;
				GCC_WARN_UNUSED_VARIABLE = YES;
				IPHONEOS_DEPLOYMENT_TARGET = 10.3;
				MTL_ENABLE_DEBUG_INFO = NO;
				SDKROOT = iphoneos;
				SWIFT_OPTIMIZATION_LEVEL = "-Owholemodule";
				VALIDATE_PRODUCT = YES;
			};
			name = Release;
		};
		1F91BCF71F52ED3300C645ED /* Debug */ = {
			isa = XCBuildConfiguration;
			buildSettings = {
				ASSETCATALOG_COMPILER_APPICON_NAME = AppIcon;
				INFOPLIST_FILE = TinkoffNews/Info.plist;
				LD_RUNPATH_SEARCH_PATHS = "$(inherited) @executable_path/Frameworks";
				PRODUCT_BUNDLE_IDENTIFIER = Khlebnikov.TinkoffNews;
				PRODUCT_NAME = "$(TARGET_NAME)";
				SWIFT_VERSION = 3.0;
			};
			name = Debug;
		};
		1F91BCF81F52ED3300C645ED /* Release */ = {
			isa = XCBuildConfiguration;
			buildSettings = {
				ASSETCATALOG_COMPILER_APPICON_NAME = AppIcon;
				INFOPLIST_FILE = TinkoffNews/Info.plist;
				LD_RUNPATH_SEARCH_PATHS = "$(inherited) @executable_path/Frameworks";
				PRODUCT_BUNDLE_IDENTIFIER = Khlebnikov.TinkoffNews;
				PRODUCT_NAME = "$(TARGET_NAME)";
				SWIFT_VERSION = 3.0;
			};
			name = Release;
		};
/* End XCBuildConfiguration section */

/* Begin XCConfigurationList section */
		1F91BCDC1F52ED3300C645ED /* Build configuration list for PBXProject "TinkoffNews" */ = {
			isa = XCConfigurationList;
			buildConfigurations = (
				1F91BCF41F52ED3300C645ED /* Debug */,
				1F91BCF51F52ED3300C645ED /* Release */,
			);
			defaultConfigurationIsVisible = 0;
			defaultConfigurationName = Release;
		};
		1F91BCF61F52ED3300C645ED /* Build configuration list for PBXNativeTarget "TinkoffNews" */ = {
			isa = XCConfigurationList;
			buildConfigurations = (
				1F91BCF71F52ED3300C645ED /* Debug */,
				1F91BCF81F52ED3300C645ED /* Release */,
			);
			defaultConfigurationIsVisible = 0;
			defaultConfigurationName = Release;
		};
/* End XCConfigurationList section */

/* Begin XCVersionGroup section */
		1F91BCEB1F52ED3300C645ED /* TinkoffNews.xcdatamodeld */ = {
			isa = XCVersionGroup;
			children = (
				1F91BCEC1F52ED3300C645ED /* TinkoffNews.xcdatamodel */,
			);
			currentVersion = 1F91BCEC1F52ED3300C645ED /* TinkoffNews.xcdatamodel */;
			path = TinkoffNews.xcdatamodeld;
			sourceTree = "<group>";
			versionGroupType = wrapper.xcdatamodel;
		};
/* End XCVersionGroup section */
	};
	rootObject = 1F91BCD91F52ED3300C645ED /* Project object */;
}
